
Microsoft Visual Studio Solution File, Format Version 12.00
# Visual Studio Version 17
VisualStudioVersion = 17.6.33927.249
MinimumVisualStudioVersion = 10.0.40219.1
Project("{FAE04EC0-301F-11D3-BF4B-00C04F79EFBC}") = "ProyectoFinalSeguridadAR.Server", "ProyectoFinalSeguridadAR\Server\ProyectoFinalSeguridadAR.Server.csproj", "{03FA2E49-CDAC-4849-95FA-571469F29AA5}"
EndProject
Project("{FAE04EC0-301F-11D3-BF4B-00C04F79EFBC}") = "ProyectoFinalSeguridadAR.Client", "ProyectoFinalSeguridadAR\Client\ProyectoFinalSeguridadAR.Client.csproj", "{685AA28D-5F6C-4BA8-80E6-076AAC320C66}"
EndProject
Project("{FAE04EC0-301F-11D3-BF4B-00C04F79EFBC}") = "ProyectoFinalSeguridadAR.Shared", "ProyectoFinalSeguridadAR\Shared\ProyectoFinalSeguridadAR.Shared.csproj", "{E81D6FD2-25E0-467C-B4D7-8DA059DE5636}"
EndProject
Global
	GlobalSection(SolutionConfigurationPlatforms) = preSolution
		Debug|Any CPU = Debug|Any CPU
		Release|Any CPU = Release|Any CPU
	EndGlobalSection
	GlobalSection(ProjectConfigurationPlatforms) = postSolution
		{03FA2E49-CDAC-4849-95FA-571469F29AA5}.Debug|Any CPU.ActiveCfg = Debug|Any CPU
		{03FA2E49-CDAC-4849-95FA-571469F29AA5}.Debug|Any CPU.Build.0 = Debug|Any CPU
		{03FA2E49-CDAC-4849-95FA-571469F29AA5}.Release|Any CPU.ActiveCfg = Release|Any CPU
		{03FA2E49-CDAC-4849-95FA-571469F29AA5}.Release|Any CPU.Build.0 = Release|Any CPU
		{685AA28D-5F6C-4BA8-80E6-076AAC320C66}.Debug|Any CPU.ActiveCfg = Debug|Any CPU
		{685AA28D-5F6C-4BA8-80E6-076AAC320C66}.Debug|Any CPU.Build.0 = Debug|Any CPU
		{685AA28D-5F6C-4BA8-80E6-076AAC320C66}.Release|Any CPU.ActiveCfg = Release|Any CPU
		{685AA28D-5F6C-4BA8-80E6-076AAC320C66}.Release|Any CPU.Build.0 = Release|Any CPU
		{E81D6FD2-25E0-467C-B4D7-8DA059DE5636}.Debug|Any CPU.ActiveCfg = Debug|Any CPU
		{E81D6FD2-25E0-467C-B4D7-8DA059DE5636}.Debug|Any CPU.Build.0 = Debug|Any CPU
		{E81D6FD2-25E0-467C-B4D7-8DA059DE5636}.Release|Any CPU.ActiveCfg = Release|Any CPU
		{E81D6FD2-25E0-467C-B4D7-8DA059DE5636}.Release|Any CPU.Build.0 = Release|Any CPU
	EndGlobalSection
	GlobalSection(SolutionProperties) = preSolution
		HideSolutionNode = FALSE
	EndGlobalSection
	GlobalSection(ExtensibilityGlobals) = postSolution
		SolutionGuid = {6E5094AE-9BAE-4A5C-8404-2C1BAE59F43C}
	EndGlobalSection
EndGlobal
